
Microsoft Visual Studio Solution File, Format Version 12.00
# Visual Studio Version 17
VisualStudioVersion = 17.1.32210.238
MinimumVisualStudioVersion = 10.0.40219.1
Project("{9A19103F-16F7-4668-BE54-9A1E7A4F7556}") = "bazPlanner", "bazPlanner.csproj", "{4EF100C5-A9B1-4CBA-83C3-BED866F8D4F3}"
EndProject
Project("{FAE04EC0-301F-11D3-BF4B-00C04F79EFBC}") = "bazPlannerTests", "..\bazPlannerTests\bazPlannerTests.csproj", "{75A6F90A-F6FD-4834-8FF6-F0270B3E1A9C}"
EndProject
Global
	GlobalSection(SolutionConfigurationPlatforms) = preSolution
		Debug|Any CPU = Debug|Any CPU
		Release|Any CPU = Release|Any CPU
	EndGlobalSection
	GlobalSection(ProjectConfigurationPlatforms) = postSolution
		{4EF100C5-A9B1-4CBA-83C3-BED866F8D4F3}.Debug|Any CPU.ActiveCfg = Debug|Any CPU
		{4EF100C5-A9B1-4CBA-83C3-BED866F8D4F3}.Debug|Any CPU.Build.0 = Debug|Any CPU
		{4EF100C5-A9B1-4CBA-83C3-BED866F8D4F3}.Release|Any CPU.ActiveCfg = Release|Any CPU
		{4EF100C5-A9B1-4CBA-83C3-BED866F8D4F3}.Release|Any CPU.Build.0 = Release|Any CPU
		{75A6F90A-F6FD-4834-8FF6-F0270B3E1A9C}.Debug|Any CPU.ActiveCfg = Debug|Any CPU
		{75A6F90A-F6FD-4834-8FF6-F0270B3E1A9C}.Debug|Any CPU.Build.0 = Debug|Any CPU
		{75A6F90A-F6FD-4834-8FF6-F0270B3E1A9C}.Release|Any CPU.ActiveCfg = Release|Any CPU
		{75A6F90A-F6FD-4834-8FF6-F0270B3E1A9C}.Release|Any CPU.Build.0 = Release|Any CPU
	EndGlobalSection
	GlobalSection(SolutionProperties) = preSolution
		HideSolutionNode = FALSE
	EndGlobalSection
	GlobalSection(ExtensibilityGlobals) = postSolution
		SolutionGuid = {CFFB06D3-02F4-4941-BF7B-AB619C336965}
	EndGlobalSection
EndGlobal
